<?xml version="1.0" encoding="utf-8"?>
<Project ToolsVersion="4.0" xmlns="http://schemas.microsoft.com/developer/msbuild/2003">
  <ItemGroup>
    <Filter Include="Source Files">
      <UniqueIdentifier>{4FC737F1-C7A5-4376-A066-2A32D752A2FF}</UniqueIdentifier>
      <Extensions>cpp;c;cc;cxx;def;odl;idl;hpj;bat;asm;asmx</Extensions>
    </Filter>
    <Filter Include="Header Files">
      <UniqueIdentifier>{93995380-89BD-4b04-88EB-625FBE52EBFB}</UniqueIdentifier>
      <Extensions>h;hpp;hxx;hm;inl;inc;xsd</Extensions>
    </Filter>
    <Filter Include="Resource Files">
      <UniqueIdentifier>{67DA6AB6-F800-4c08-8B7A-83BB121AAD01}</UniqueIdentifier>
      <Extensions>rc;ico;cur;bmp;dlg;rc2;rct;bin;rgs;gif;jpg;jpeg;jpe;resx;tiff;tif;png;wav;mfcribbon-ms</Extensions>
    </Filter>
  </ItemGroup>
  <ItemGroup>
    <ClInclude Include="GLWindow.h">
      <Filter>Header Files</Filter>
    </ClInclude>
  </ItemGroup>
  <ItemGroup>
    <ClCompile Include="GLWindow.cpp">
      <Filter>Source Files</Filter>
    </ClCompile>
    <ClCompile Include="Main.cpp">
      <Filter>Source Files</Filter>
    </ClCompile>
    <ClCompile Include="GLWindow_moc.cpp">
      <Filter>Source Files</Filter>
    </ClCompile>
  </ItemGroup>
  <ItemGroup>
    <None Include="DisintegrationFrag.sh" />
    <None Include="DisintegrationVertex.sh" />
    <None Include="EnvironmentMapFrag.sh" />
    <None Include="EnvironmentMapVertex.sh" />
    <None Include="ShadowMappingFrag.sh" />
    <None Include="SkyBoxVertex.sh" />
    <None Include="SkyBoxFrag.sh" />
    <None Include="ShadowMappingVertex.sh" />
    <None Include="Werewolf.bin">
      <Filter>Resource Files</Filter>
    </None>
    <None Include="DirectionalFrag.sh" />
    <None Include="DirectionalVertex.sh" />
    <None Include="DepthFrag.sh" />
    <None Include="DepthVertex.sh" />
    <None Include="DisplacementVertex.sh" />
    <None Include="DisplacementFrag.sh" />
  </ItemGroup>
  <ItemGroup>
    <Image Include="negx.png">
      <Filter>Resource Files</Filter>
    </Image>
    <Image Include="negy.png">
      <Filter>Resource Files</Filter>
    </Image>
    <Image Include="negz.png">
      <Filter>Resource Files</Filter>
    </Image>
    <Image Include="posx.png">
      <Filter>Resource Files</Filter>
    </Image>
    <Image Include="posy.png">
      <Filter>Resource Files</Filter>
    </Image>
    <Image Include="posz.png">
      <Filter>Resource Files</Filter>
    </Image>
    <Image Include="orgeDiffuse.png">
      <Filter>Resource Files</Filter>
    </Image>
    <Image Include="orgeNormalmap.png">
      <Filter>Resource Files</Filter>
    </Image>
    <Image Include="Blue.png">
      <Filter>Resource Files</Filter>
    </Image>
    <Image Include="RugNormal.png">
      <Filter>Resource Files</Filter>
    </Image>
  </ItemGroup>
</Project>